
Microsoft Visual Studio Solution File, Format Version 12.00
# Visual Studio 15
VisualStudioVersion = 15.0.27703.2042
MinimumVisualStudioVersion = 10.0.40219.1
Project("{FAE04EC0-301F-11D3-BF4B-00C04F79EFBC}") = "SimpleAlgorithm", "src\SimpleAlgorithm\SimpleAlgorithm.csproj", "{13C472DC-3FFC-4EC6-9321-95F7E58D8DF4}"
EndProject
Project("{FAE04EC0-301F-11D3-BF4B-00C04F79EFBC}") = "SimpleAlgorithm.Tests", "src\SimpleAlgorithm.Tests\SimpleAlgorithm.Tests.csproj", "{587D0D57-5022-47AC-803F-EC057445D5EF}"
EndProject
Global
	GlobalSection(SolutionConfigurationPlatforms) = preSolution
		Debug|Any CPU = Debug|Any CPU
		Release|Any CPU = Release|Any CPU
	EndGlobalSection
	GlobalSection(ProjectConfigurationPlatforms) = postSolution
		{13C472DC-3FFC-4EC6-9321-95F7E58D8DF4}.Debug|Any CPU.ActiveCfg = Debug|Any CPU
		{13C472DC-3FFC-4EC6-9321-95F7E58D8DF4}.Debug|Any CPU.Build.0 = Debug|Any CPU
		{13C472DC-3FFC-4EC6-9321-95F7E58D8DF4}.Release|Any CPU.ActiveCfg = Release|Any CPU
		{13C472DC-3FFC-4EC6-9321-95F7E58D8DF4}.Release|Any CPU.Build.0 = Release|Any CPU
		{587D0D57-5022-47AC-803F-EC057445D5EF}.Debug|Any CPU.ActiveCfg = Debug|Any CPU
		{587D0D57-5022-47AC-803F-EC057445D5EF}.Debug|Any CPU.Build.0 = Debug|Any CPU
		{587D0D57-5022-47AC-803F-EC057445D5EF}.Release|Any CPU.ActiveCfg = Release|Any CPU
		{587D0D57-5022-47AC-803F-EC057445D5EF}.Release|Any CPU.Build.0 = Release|Any CPU
	EndGlobalSection
	GlobalSection(SolutionProperties) = preSolution
		HideSolutionNode = FALSE
	EndGlobalSection
	GlobalSection(ExtensibilityGlobals) = postSolution
		SolutionGuid = {755E1B1C-169A-4E1C-91C2-AC76054D8A8C}
	EndGlobalSection
EndGlobal
